SITE
  remote: http://community.opscode.com/api/v1
  specs:
    apache2 (1.3.0)
    apt (1.5.0)
    bluepill (2.0.0)
    build-essential (1.2.0)
    chef (0.99.9)
      apache2 (>= 0.0.0)
      bluepill (>= 0.0.0)
      chef-client (>= 0.0.0)
      chef-server (>= 0.0.0)
      couchdb (>= 0.0.0)
      daemontools (>= 0.0.0)
      java (>= 0.0.0)
      openssl (>= 0.0.0)
      runit (>= 0.0.0)
      xml (>= 0.0.0)
      zlib (>= 0.0.0)
    chef-client (2.0.2)
    chef-server (1.1.0)
      apache2 (>= 0.0.0)
      bluepill (>= 0.0.0)
      couchdb (>= 0.0.0)
      daemontools (>= 0.0.0)
      erlang (>= 0.0.0)
      gecode (>= 0.0.0)
      java (>= 0.0.0)
      nginx (>= 0.0.0)
      openssl (>= 0.0.0)
      runit (>= 0.0.0)
      xml (>= 0.0.0)
      zlib (>= 0.0.0)
    couchdb (1.0.4)
      erlang (>= 0.0.0)
    daemontools (1.0.0)
      build-essential (>= 0.0.0)
      ucspi-tcp (>= 0.0.0)
    erlang (1.1.2)
      yum (>= 0.5.0)
    gecode (1.3.0)
      apt (>= 0.0.0)
      build-essential (>= 0.0.0)
      yum (>= 0.0.0)
    java (1.6.4)
    nginx (1.1.0)
      build-essential (>= 0.0.0)
      ohai (>= 1.1.0)
    ohai (1.1.2)
    openssl (1.0.0)
    runit (0.16.0)
    ucspi-tcp (1.0.0)
      build-essential (>= 0)
    xml (1.0.4)
    yum (2.0.2)
    zlib (1.0.2)

DEPENDENCIES
  apt (>= 0)
  chef (>= 0)

